<Solution>
  <Project Path="iCallManager.csproj" />
  <Project Path="src/ReceptionAgent/ReceptionAgent.csproj" />
  <Project Path="src/ReceptionAgent.Core/ReceptionAgent.Core.csproj" />
  <Project Path="src/ReceptionAgent.Tests/ReceptionAgent.Tests.csproj" />
  <Project Path="Tests/iCallManager.Tests.csproj" />
</Solution>
